
Microsoft Visual Studio Solution File, Format Version 12.00
# Visual Studio Version 16
VisualStudioVersion = 16.0.28803.352
MinimumVisualStudioVersion = 10.0.40219.1
Project("{2150E333-8FDC-42A3-9474-1A3956D46DE8}") = "src", "src", "{187AC294-0420-4726-808B-ED49148C0632}"
EndProject
Project("{2150E333-8FDC-42A3-9474-1A3956D46DE8}") = "Solution Items", "Solution Items", "{179A2A2C-3B3D-437C-B5F3-3B81472C8335}"
EndProject
Project("{2150E333-8FDC-42A3-9474-1A3956D46DE8}") = "API", "API", "{AFE7085F-051E-4829-955F-3426FE643BDD}"
EndProject
Project("{9A19103F-16F7-4668-BE54-9A1E7A4F7556}") = "ConsoleClientCredentialsFlow", "src\ConsoleClientCredentialsFlow\ConsoleClientCredentialsFlow.csproj", "{6729A51B-A7D9-43F3-8F48-D55478254AB7}"
EndProject
Project("{9A19103F-16F7-4668-BE54-9A1E7A4F7556}") = "Constants", "src\Constants\Constants.csproj", "{2096C1D4-5C89-46D5-874A-66E78C9E5A98}"
EndProject
Project("{9A19103F-16F7-4668-BE54-9A1E7A4F7556}") = "ConsoleResourceOwnerFlow", "src\ConsoleResourceOwnerFlow\ConsoleResourceOwnerFlow.csproj", "{9BFE1F4E-C2F4-49FC-917E-BE25C0F42D84}"
EndProject
Project("{9A19103F-16F7-4668-BE54-9A1E7A4F7556}") = "ConsoleClientCredentialsFlowPostBody", "src\ConsoleClientCredentialsFlowPostBody\ConsoleClientCredentialsFlowPostBody.csproj", "{BEA2C25F-0551-4AFC-9961-7DB934724FF1}"
EndProject
Project("{9A19103F-16F7-4668-BE54-9A1E7A4F7556}") = "ConsoleResourceOwnerFlowRefreshToken", "src\ConsoleResourceOwnerFlowRefreshToken\ConsoleResourceOwnerFlowRefreshToken.csproj", "{2952A3E3-8831-419B-B14C-448C409961A7}"
EndProject
Project("{9A19103F-16F7-4668-BE54-9A1E7A4F7556}") = "ConsoleResourceOwnerFlowUserInfo", "src\ConsoleResourceOwnerFlowUserInfo\ConsoleResourceOwnerFlowUserInfo.csproj", "{120F561D-5670-4C80-8CAB-4D770204DC91}"
EndProject
Project("{9A19103F-16F7-4668-BE54-9A1E7A4F7556}") = "ConsoleIntrospectionClient", "src\ConsoleIntrospectionClient\ConsoleIntrospectionClient.csproj", "{395F9DF7-AE5A-403E-BE7A-4AF045B21BB3}"
EndProject
Project("{9A19103F-16F7-4668-BE54-9A1E7A4F7556}") = "ConsoleResourceOwnerFlowReference", "src\ConsoleResourceOwnerFlowReference\ConsoleResourceOwnerFlowReference.csproj", "{0E9145DB-CC70-44F9-B52B-1D7D4C2B2E5F}"
EndProject
Project("{9A19103F-16F7-4668-BE54-9A1E7A4F7556}") = "ConsoleExtensionGrant", "src\ConsoleCustomGrant\ConsoleExtensionGrant.csproj", "{546267CD-BE21-44E1-A06E-C7558864EE4F}"
EndProject
Project("{9A19103F-16F7-4668-BE54-9A1E7A4F7556}") = "MvcImplicit", "src\MvcImplicit\MvcImplicit.csproj", "{05150B7D-54DB-40AB-8BBB-0C34ACC27CE5}"
EndProject
Project("{9A19103F-16F7-4668-BE54-9A1E7A4F7556}") = "JsOAuth2", "src\JsOAuth2\JsOAuth2.csproj", "{DE109531-37EB-41AB-A228-F93A4B157475}"
EndProject
Project("{9A19103F-16F7-4668-BE54-9A1E7A4F7556}") = "JsOidc", "src\JsOidc\JsOidc.csproj", "{A29115B9-30E4-4967-AD5A-C32394B8A64C}"
EndProject
Project("{9A19103F-16F7-4668-BE54-9A1E7A4F7556}") = "SampleApi", "src\SampleApi\SampleApi.csproj", "{03D5E439-393F-4E03-BA8F-AD3462397B38}"
EndProject
Project("{9A19103F-16F7-4668-BE54-9A1E7A4F7556}") = "MvcHybrid", "src\MvcHybrid\MvcHybrid.csproj", "{C48191D1-640C-4640-9AE3-832A8E426B10}"
EndProject
Project("{9A19103F-16F7-4668-BE54-9A1E7A4F7556}") = "ConsoleResourceOwnerFlowPublic", "src\ConsoleResourceOwnerFlowPublic\ConsoleResourceOwnerFlowPublic.csproj", "{8648122C-EE91-4B3B-98CD-355C3F1B9FDF}"
EndProject
Project("{9A19103F-16F7-4668-BE54-9A1E7A4F7556}") = "MvcManual", "src\MvcManual\MvcManual.csproj", "{598447F2-CBF0-494C-B530-584C33A90084}"
EndProject
Project("{9A19103F-16F7-4668-BE54-9A1E7A4F7556}") = "ConsolePrivateKeyJwtClient", "src\ConsolePrivateKeyJwtClient\ConsolePrivateKeyJwtClient.csproj", "{1EC25581-781E-4FEA-A8AC-72BBD599FB87}"
EndProject
Project("{9A19103F-16F7-4668-BE54-9A1E7A4F7556}") = "ConsoleHybridWithPkce", "src\ConsoleHybridWithPkce\ConsoleHybridWithPkce.csproj", "{BB38F47A-1BBF-47E1-9872-088FC81DC825}"
EndProject
Project("{9A19103F-16F7-4668-BE54-9A1E7A4F7556}") = "MvcHybridBackChannel", "src\MvcHybridBackChannel\MvcHybridBackChannel.csproj", "{57F395AD-48D2-48BF-A117-881E112D947E}"
EndProject
Project("{9A19103F-16F7-4668-BE54-9A1E7A4F7556}") = "MvcHybridAutomaticRefresh", "src\MvcHybridAutomaticRefresh\MvcHybridAutomaticRefresh.csproj", "{241B0622-DECC-4723-BF04-F0DB02478DC7}"
EndProject
Project("{9A19103F-16F7-4668-BE54-9A1E7A4F7556}") = "ConsoleDeviceFlow", "src\ConsoleDeviceFlow\ConsoleDeviceFlow.csproj", "{879689CC-38F7-418F-9721-9D4158302B69}"
EndProject
Project("{9A19103F-16F7-4668-BE54-9A1E7A4F7556}") = "ConsoleClientCredentialsFlowCallingIdentityServerApi", "src\ConsoleClientCredentialsFlowCallingIdentityServerApi\ConsoleClientCredentialsFlowCallingIdentityServerApi.csproj", "{141BD303-CD29-472F-B5D8-C1F28ED0621A}"
EndProject
Project("{9A19103F-16F7-4668-BE54-9A1E7A4F7556}") = "ConsoleMTLSClient", "src\ConsoleMTLSClient\ConsoleMTLSClient.csproj", "{EA1583D5-80DE-4A11-9530-26A0ED1FBA2C}"
EndProject
Project("{9A19103F-16F7-4668-BE54-9A1E7A4F7556}") = "MvcImplicitJwtRequest", "src\MvcImplicitJwtRequest\MvcImplicitJwtRequest.csproj", "{694F3070-BE8E-4F1A-A246-609C7910686B}"
EndProject
Global
	GlobalSection(SolutionConfigurationPlatforms) = preSolution
		Debug|Any CPU = Debug|Any CPU
		Release|Any CPU = Release|Any CPU
	EndGlobalSection
	GlobalSection(ProjectConfigurationPlatforms) = postSolution
		{6729A51B-A7D9-43F3-8F48-D55478254AB7}.Debug|Any CPU.ActiveCfg = Debug|Any CPU
		{6729A51B-A7D9-43F3-8F48-D55478254AB7}.Debug|Any CPU.Build.0 = Debug|Any CPU
		{6729A51B-A7D9-43F3-8F48-D55478254AB7}.Release|Any CPU.ActiveCfg = Release|Any CPU
		{6729A51B-A7D9-43F3-8F48-D55478254AB7}.Release|Any CPU.Build.0 = Release|Any CPU
		{2096C1D4-5C89-46D5-874A-66E78C9E5A98}.Debug|Any CPU.ActiveCfg = Debug|Any CPU
		{2096C1D4-5C89-46D5-874A-66E78C9E5A98}.Debug|Any CPU.Build.0 = Debug|Any CPU
		{2096C1D4-5C89-46D5-874A-66E78C9E5A98}.Release|Any CPU.ActiveCfg = Release|Any CPU
		{2096C1D4-5C89-46D5-874A-66E78C9E5A98}.Release|Any CPU.Build.0 = Release|Any CPU
		{9BFE1F4E-C2F4-49FC-917E-BE25C0F42D84}.Debug|Any CPU.ActiveCfg = Debug|Any CPU
		{9BFE1F4E-C2F4-49FC-917E-BE25C0F42D84}.Debug|Any CPU.Build.0 = Debug|Any CPU
		{9BFE1F4E-C2F4-49FC-917E-BE25C0F42D84}.Release|Any CPU.ActiveCfg = Release|Any CPU
		{9BFE1F4E-C2F4-49FC-917E-BE25C0F42D84}.Release|Any CPU.Build.0 = Release|Any CPU
		{BEA2C25F-0551-4AFC-9961-7DB934724FF1}.Debug|Any CPU.ActiveCfg = Debug|Any CPU
		{BEA2C25F-0551-4AFC-9961-7DB934724FF1}.Debug|Any CPU.Build.0 = Debug|Any CPU
		{BEA2C25F-0551-4AFC-9961-7DB934724FF1}.Release|Any CPU.ActiveCfg = Release|Any CPU
		{BEA2C25F-0551-4AFC-9961-7DB934724FF1}.Release|Any CPU.Build.0 = Release|Any CPU
		{2952A3E3-8831-419B-B14C-448C409961A7}.Debug|Any CPU.ActiveCfg = Debug|Any CPU
		{2952A3E3-8831-419B-B14C-448C409961A7}.Debug|Any CPU.Build.0 = Debug|Any CPU
		{2952A3E3-8831-419B-B14C-448C409961A7}.Release|Any CPU.ActiveCfg = Release|Any CPU
		{2952A3E3-8831-419B-B14C-448C409961A7}.Release|Any CPU.Build.0 = Release|Any CPU
		{120F561D-5670-4C80-8CAB-4D770204DC91}.Debug|Any CPU.ActiveCfg = Debug|Any CPU
		{120F561D-5670-4C80-8CAB-4D770204DC91}.Debug|Any CPU.Build.0 = Debug|Any CPU
		{120F561D-5670-4C80-8CAB-4D770204DC91}.Release|Any CPU.ActiveCfg = Release|Any CPU
		{120F561D-5670-4C80-8CAB-4D770204DC91}.Release|Any CPU.Build.0 = Release|Any CPU
		{395F9DF7-AE5A-403E-BE7A-4AF045B21BB3}.Debug|Any CPU.ActiveCfg = Debug|Any CPU
		{395F9DF7-AE5A-403E-BE7A-4AF045B21BB3}.Debug|Any CPU.Build.0 = Debug|Any CPU
		{395F9DF7-AE5A-403E-BE7A-4AF045B21BB3}.Release|Any CPU.ActiveCfg = Release|Any CPU
		{395F9DF7-AE5A-403E-BE7A-4AF045B21BB3}.Release|Any CPU.Build.0 = Release|Any CPU
		{0E9145DB-CC70-44F9-B52B-1D7D4C2B2E5F}.Debug|Any CPU.ActiveCfg = Debug|Any CPU
		{0E9145DB-CC70-44F9-B52B-1D7D4C2B2E5F}.Debug|Any CPU.Build.0 = Debug|Any CPU
		{0E9145DB-CC70-44F9-B52B-1D7D4C2B2E5F}.Release|Any CPU.ActiveCfg = Release|Any CPU
		{0E9145DB-CC70-44F9-B52B-1D7D4C2B2E5F}.Release|Any CPU.Build.0 = Release|Any CPU
		{546267CD-BE21-44E1-A06E-C7558864EE4F}.Debug|Any CPU.ActiveCfg = Debug|Any CPU
		{546267CD-BE21-44E1-A06E-C7558864EE4F}.Debug|Any CPU.Build.0 = Debug|Any CPU
		{546267CD-BE21-44E1-A06E-C7558864EE4F}.Release|Any CPU.ActiveCfg = Release|Any CPU
		{546267CD-BE21-44E1-A06E-C7558864EE4F}.Release|Any CPU.Build.0 = Release|Any CPU
		{05150B7D-54DB-40AB-8BBB-0C34ACC27CE5}.Debug|Any CPU.ActiveCfg = Debug|Any CPU
		{05150B7D-54DB-40AB-8BBB-0C34ACC27CE5}.Debug|Any CPU.Build.0 = Debug|Any CPU
		{05150B7D-54DB-40AB-8BBB-0C34ACC27CE5}.Release|Any CPU.ActiveCfg = Release|Any CPU
		{05150B7D-54DB-40AB-8BBB-0C34ACC27CE5}.Release|Any CPU.Build.0 = Release|Any CPU
		{DE109531-37EB-41AB-A228-F93A4B157475}.Debug|Any CPU.ActiveCfg = Debug|Any CPU
		{DE109531-37EB-41AB-A228-F93A4B157475}.Debug|Any CPU.Build.0 = Debug|Any CPU
		{DE109531-37EB-41AB-A228-F93A4B157475}.Release|Any CPU.ActiveCfg = Release|Any CPU
		{DE109531-37EB-41AB-A228-F93A4B157475}.Release|Any CPU.Build.0 = Release|Any CPU
		{A29115B9-30E4-4967-AD5A-C32394B8A64C}.Debug|Any CPU.ActiveCfg = Debug|Any CPU
		{A29115B9-30E4-4967-AD5A-C32394B8A64C}.Debug|Any CPU.Build.0 = Debug|Any CPU
		{A29115B9-30E4-4967-AD5A-C32394B8A64C}.Release|Any CPU.ActiveCfg = Release|Any CPU
		{A29115B9-30E4-4967-AD5A-C32394B8A64C}.Release|Any CPU.Build.0 = Release|Any CPU
		{03D5E439-393F-4E03-BA8F-AD3462397B38}.Debug|Any CPU.ActiveCfg = Debug|Any CPU
		{03D5E439-393F-4E03-BA8F-AD3462397B38}.Debug|Any CPU.Build.0 = Debug|Any CPU
		{03D5E439-393F-4E03-BA8F-AD3462397B38}.Release|Any CPU.ActiveCfg = Release|Any CPU
		{03D5E439-393F-4E03-BA8F-AD3462397B38}.Release|Any CPU.Build.0 = Release|Any CPU
		{C48191D1-640C-4640-9AE3-832A8E426B10}.Debug|Any CPU.ActiveCfg = Debug|Any CPU
		{C48191D1-640C-4640-9AE3-832A8E426B10}.Debug|Any CPU.Build.0 = Debug|Any CPU
		{C48191D1-640C-4640-9AE3-832A8E426B10}.Release|Any CPU.ActiveCfg = Release|Any CPU
		{C48191D1-640C-4640-9AE3-832A8E426B10}.Release|Any CPU.Build.0 = Release|Any CPU
		{8648122C-EE91-4B3B-98CD-355C3F1B9FDF}.Debug|Any CPU.ActiveCfg = Debug|Any CPU
		{8648122C-EE91-4B3B-98CD-355C3F1B9FDF}.Debug|Any CPU.Build.0 = Debug|Any CPU
		{8648122C-EE91-4B3B-98CD-355C3F1B9FDF}.Release|Any CPU.ActiveCfg = Release|Any CPU
		{8648122C-EE91-4B3B-98CD-355C3F1B9FDF}.Release|Any CPU.Build.0 = Release|Any CPU
		{598447F2-CBF0-494C-B530-584C33A90084}.Debug|Any CPU.ActiveCfg = Debug|Any CPU
		{598447F2-CBF0-494C-B530-584C33A90084}.Debug|Any CPU.Build.0 = Debug|Any CPU
		{598447F2-CBF0-494C-B530-584C33A90084}.Release|Any CPU.ActiveCfg = Release|Any CPU
		{598447F2-CBF0-494C-B530-584C33A90084}.Release|Any CPU.Build.0 = Release|Any CPU
		{1EC25581-781E-4FEA-A8AC-72BBD599FB87}.Debug|Any CPU.ActiveCfg = Debug|Any CPU
		{1EC25581-781E-4FEA-A8AC-72BBD599FB87}.Debug|Any CPU.Build.0 = Debug|Any CPU
		{1EC25581-781E-4FEA-A8AC-72BBD599FB87}.Release|Any CPU.ActiveCfg = Release|Any CPU
		{1EC25581-781E-4FEA-A8AC-72BBD599FB87}.Release|Any CPU.Build.0 = Release|Any CPU
		{BB38F47A-1BBF-47E1-9872-088FC81DC825}.Debug|Any CPU.ActiveCfg = Debug|Any CPU
		{BB38F47A-1BBF-47E1-9872-088FC81DC825}.Debug|Any CPU.Build.0 = Debug|Any CPU
		{BB38F47A-1BBF-47E1-9872-088FC81DC825}.Release|Any CPU.ActiveCfg = Release|Any CPU
		{BB38F47A-1BBF-47E1-9872-088FC81DC825}.Release|Any CPU.Build.0 = Release|Any CPU
		{57F395AD-48D2-48BF-A117-881E112D947E}.Debug|Any CPU.ActiveCfg = Debug|Any CPU
		{57F395AD-48D2-48BF-A117-881E112D947E}.Debug|Any CPU.Build.0 = Debug|Any CPU
		{57F395AD-48D2-48BF-A117-881E112D947E}.Release|Any CPU.ActiveCfg = Release|Any CPU
		{57F395AD-48D2-48BF-A117-881E112D947E}.Release|Any CPU.Build.0 = Release|Any CPU
		{241B0622-DECC-4723-BF04-F0DB02478DC7}.Debug|Any CPU.ActiveCfg = Debug|Any CPU
		{241B0622-DECC-4723-BF04-F0DB02478DC7}.Debug|Any CPU.Build.0 = Debug|Any CPU
		{241B0622-DECC-4723-BF04-F0DB02478DC7}.Release|Any CPU.ActiveCfg = Release|Any CPU
		{241B0622-DECC-4723-BF04-F0DB02478DC7}.Release|Any CPU.Build.0 = Release|Any CPU
		{879689CC-38F7-418F-9721-9D4158302B69}.Debug|Any CPU.ActiveCfg = Debug|Any CPU
		{879689CC-38F7-418F-9721-9D4158302B69}.Debug|Any CPU.Build.0 = Debug|Any CPU
		{879689CC-38F7-418F-9721-9D4158302B69}.Release|Any CPU.ActiveCfg = Release|Any CPU
		{879689CC-38F7-418F-9721-9D4158302B69}.Release|Any CPU.Build.0 = Release|Any CPU
		{141BD303-CD29-472F-B5D8-C1F28ED0621A}.Debug|Any CPU.ActiveCfg = Debug|Any CPU
		{141BD303-CD29-472F-B5D8-C1F28ED0621A}.Debug|Any CPU.Build.0 = Debug|Any CPU
		{141BD303-CD29-472F-B5D8-C1F28ED0621A}.Release|Any CPU.ActiveCfg = Release|Any CPU
		{141BD303-CD29-472F-B5D8-C1F28ED0621A}.Release|Any CPU.Build.0 = Release|Any CPU
		{EA1583D5-80DE-4A11-9530-26A0ED1FBA2C}.Debug|Any CPU.ActiveCfg = Debug|Any CPU
		{EA1583D5-80DE-4A11-9530-26A0ED1FBA2C}.Debug|Any CPU.Build.0 = Debug|Any CPU
		{EA1583D5-80DE-4A11-9530-26A0ED1FBA2C}.Release|Any CPU.ActiveCfg = Release|Any CPU
		{EA1583D5-80DE-4A11-9530-26A0ED1FBA2C}.Release|Any CPU.Build.0 = Release|Any CPU
		{694F3070-BE8E-4F1A-A246-609C7910686B}.Debug|Any CPU.ActiveCfg = Debug|Any CPU
		{694F3070-BE8E-4F1A-A246-609C7910686B}.Debug|Any CPU.Build.0 = Debug|Any CPU
		{694F3070-BE8E-4F1A-A246-609C7910686B}.Release|Any CPU.ActiveCfg = Release|Any CPU
		{694F3070-BE8E-4F1A-A246-609C7910686B}.Release|Any CPU.Build.0 = Release|Any CPU
	EndGlobalSection
	GlobalSection(SolutionProperties) = preSolution
		HideSolutionNode = FALSE
	EndGlobalSection
	GlobalSection(NestedProjects) = preSolution
		{AFE7085F-051E-4829-955F-3426FE643BDD} = {187AC294-0420-4726-808B-ED49148C0632}
		{6729A51B-A7D9-43F3-8F48-D55478254AB7} = {187AC294-0420-4726-808B-ED49148C0632}
		{2096C1D4-5C89-46D5-874A-66E78C9E5A98} = {187AC294-0420-4726-808B-ED49148C0632}
		{9BFE1F4E-C2F4-49FC-917E-BE25C0F42D84} = {187AC294-0420-4726-808B-ED49148C0632}
		{BEA2C25F-0551-4AFC-9961-7DB934724FF1} = {187AC294-0420-4726-808B-ED49148C0632}
		{2952A3E3-8831-419B-B14C-448C409961A7} = {187AC294-0420-4726-808B-ED49148C0632}
		{120F561D-5670-4C80-8CAB-4D770204DC91} = {187AC294-0420-4726-808B-ED49148C0632}
		{395F9DF7-AE5A-403E-BE7A-4AF045B21BB3} = {187AC294-0420-4726-808B-ED49148C0632}
		{0E9145DB-CC70-44F9-B52B-1D7D4C2B2E5F} = {187AC294-0420-4726-808B-ED49148C0632}
		{546267CD-BE21-44E1-A06E-C7558864EE4F} = {187AC294-0420-4726-808B-ED49148C0632}
		{05150B7D-54DB-40AB-8BBB-0C34ACC27CE5} = {187AC294-0420-4726-808B-ED49148C0632}
		{DE109531-37EB-41AB-A228-F93A4B157475} = {187AC294-0420-4726-808B-ED49148C0632}
		{A29115B9-30E4-4967-AD5A-C32394B8A64C} = {187AC294-0420-4726-808B-ED49148C0632}
		{03D5E439-393F-4E03-BA8F-AD3462397B38} = {AFE7085F-051E-4829-955F-3426FE643BDD}
		{C48191D1-640C-4640-9AE3-832A8E426B10} = {187AC294-0420-4726-808B-ED49148C0632}
		{8648122C-EE91-4B3B-98CD-355C3F1B9FDF} = {187AC294-0420-4726-808B-ED49148C0632}
		{598447F2-CBF0-494C-B530-584C33A90084} = {187AC294-0420-4726-808B-ED49148C0632}
		{1EC25581-781E-4FEA-A8AC-72BBD599FB87} = {187AC294-0420-4726-808B-ED49148C0632}
		{BB38F47A-1BBF-47E1-9872-088FC81DC825} = {187AC294-0420-4726-808B-ED49148C0632}
		{57F395AD-48D2-48BF-A117-881E112D947E} = {187AC294-0420-4726-808B-ED49148C0632}
		{241B0622-DECC-4723-BF04-F0DB02478DC7} = {187AC294-0420-4726-808B-ED49148C0632}
		{879689CC-38F7-418F-9721-9D4158302B69} = {187AC294-0420-4726-808B-ED49148C0632}
		{141BD303-CD29-472F-B5D8-C1F28ED0621A} = {187AC294-0420-4726-808B-ED49148C0632}
		{EA1583D5-80DE-4A11-9530-26A0ED1FBA2C} = {187AC294-0420-4726-808B-ED49148C0632}
		{694F3070-BE8E-4F1A-A246-609C7910686B} = {187AC294-0420-4726-808B-ED49148C0632}
	EndGlobalSection
	GlobalSection(ExtensibilityGlobals) = postSolution
		SolutionGuid = {BAD78470-3D66-466E-9C17-2A67F0905B18}
	EndGlobalSection
EndGlobal
