
Microsoft Visual Studio Solution File, Format Version 12.00
# Visual Studio 15
VisualStudioVersion = 15.0.26730.12
MinimumVisualStudioVersion = 10.0.40219.1
Project("{2150E333-8FDC-42A3-9474-1A3956D46DE8}") = "src", "src", "{8BFDA83B-FD73-4776-9C2C-5F7FFE440C1F}"
EndProject
Project("{9A19103F-16F7-4668-BE54-9A1E7A4F7556}") = "IdentityServer4.EntityFramework", "src\IdentityServer4.EntityFramework.csproj", "{AB83F911-8B78-4973-A3A9-2A2D85581F25}"
EndProject
Project("{9A19103F-16F7-4668-BE54-9A1E7A4F7556}") = "Host", "host\Host.csproj", "{9E9EE58E-4B98-4495-8E8B-00281B3EABDA}"
EndProject
Project("{2150E333-8FDC-42A3-9474-1A3956D46DE8}") = "seeding", "seeding", "{26921EED-9592-4174-94D6-8A0F604029F1}"
EndProject
Project("{9A19103F-16F7-4668-BE54-9A1E7A4F7556}") = "SqlServer", "migrations\SqlServer\SqlServer.csproj", "{D9FABEC8-09DC-4B0D-80D7-86FA6C5D9C69}"
EndProject
Global
	GlobalSection(SolutionConfigurationPlatforms) = preSolution
		Debug|Any CPU = Debug|Any CPU
		Release|Any CPU = Release|Any CPU
	EndGlobalSection
	GlobalSection(ProjectConfigurationPlatforms) = postSolution
		{AB83F911-8B78-4973-A3A9-2A2D85581F25}.Debug|Any CPU.ActiveCfg = Debug|Any CPU
		{AB83F911-8B78-4973-A3A9-2A2D85581F25}.Debug|Any CPU.Build.0 = Debug|Any CPU
		{AB83F911-8B78-4973-A3A9-2A2D85581F25}.Release|Any CPU.ActiveCfg = Release|Any CPU
		{AB83F911-8B78-4973-A3A9-2A2D85581F25}.Release|Any CPU.Build.0 = Release|Any CPU
		{9E9EE58E-4B98-4495-8E8B-00281B3EABDA}.Debug|Any CPU.ActiveCfg = Debug|Any CPU
		{9E9EE58E-4B98-4495-8E8B-00281B3EABDA}.Debug|Any CPU.Build.0 = Debug|Any CPU
		{9E9EE58E-4B98-4495-8E8B-00281B3EABDA}.Release|Any CPU.ActiveCfg = Release|Any CPU
		{9E9EE58E-4B98-4495-8E8B-00281B3EABDA}.Release|Any CPU.Build.0 = Release|Any CPU
		{D9FABEC8-09DC-4B0D-80D7-86FA6C5D9C69}.Debug|Any CPU.ActiveCfg = Debug|Any CPU
		{D9FABEC8-09DC-4B0D-80D7-86FA6C5D9C69}.Debug|Any CPU.Build.0 = Debug|Any CPU
		{D9FABEC8-09DC-4B0D-80D7-86FA6C5D9C69}.Release|Any CPU.ActiveCfg = Release|Any CPU
		{D9FABEC8-09DC-4B0D-80D7-86FA6C5D9C69}.Release|Any CPU.Build.0 = Release|Any CPU
	EndGlobalSection
	GlobalSection(SolutionProperties) = preSolution
		HideSolutionNode = FALSE
	EndGlobalSection
	GlobalSection(NestedProjects) = preSolution
		{AB83F911-8B78-4973-A3A9-2A2D85581F25} = {8BFDA83B-FD73-4776-9C2C-5F7FFE440C1F}
		{9E9EE58E-4B98-4495-8E8B-00281B3EABDA} = {8BFDA83B-FD73-4776-9C2C-5F7FFE440C1F}
		{D9FABEC8-09DC-4B0D-80D7-86FA6C5D9C69} = {26921EED-9592-4174-94D6-8A0F604029F1}
	EndGlobalSection
	GlobalSection(ExtensibilityGlobals) = postSolution
		SolutionGuid = {A023D63E-FDD1-4984-9746-45981BCFBACA}
	EndGlobalSection
EndGlobal
