
Microsoft Visual Studio Solution File, Format Version 12.00
# Visual Studio 15
VisualStudioVersion = 15.0.26124.0
MinimumVisualStudioVersion = 15.0.26124.0
Project("{2150E333-8FDC-42A3-9474-1A3956D46DE8}") = "src", "src", "{A36DCECA-F67D-4813-AA54-620CF53AE82B}"
EndProject
Project("{FAE04EC0-301F-11D3-BF4B-00C04F79EFBC}") = "IdentityServer4.Storage", "src\Storage\src\IdentityServer4.Storage.csproj", "{DC7D3B9F-46AB-4AF1-8B00-DF99DC8913C2}"
EndProject
Project("{FAE04EC0-301F-11D3-BF4B-00C04F79EFBC}") = "IdentityServer4", "src\IdentityServer4\src\IdentityServer4.csproj", "{F6CD6BBA-874B-458B-9925-36EF6673EB87}"
EndProject
Project("{FAE04EC0-301F-11D3-BF4B-00C04F79EFBC}") = "Host", "src\IdentityServer4\host\Host.csproj", "{B984AA81-B47E-4799-979A-1188AEAD3EEE}"
EndProject
Project("{2150E333-8FDC-42A3-9474-1A3956D46DE8}") = "test", "test", "{931FD038-4E82-4F42-A1A9-BDE747C99F78}"
EndProject
Project("{FAE04EC0-301F-11D3-BF4B-00C04F79EFBC}") = "IdentityServer.IntegrationTests", "src\IdentityServer4\test\IdentityServer.IntegrationTests\IdentityServer.IntegrationTests.csproj", "{6028EB74-3516-4799-BC6C-8FF7B6529174}"
EndProject
Project("{FAE04EC0-301F-11D3-BF4B-00C04F79EFBC}") = "IdentityServer.UnitTests", "src\IdentityServer4\test\IdentityServer.UnitTests\IdentityServer.UnitTests.csproj", "{8108A551-B5D6-44A0-8D4E-F42502F0873E}"
EndProject
Global
	GlobalSection(SolutionConfigurationPlatforms) = preSolution
		Debug|Any CPU = Debug|Any CPU
		Debug|x64 = Debug|x64
		Debug|x86 = Debug|x86
		Release|Any CPU = Release|Any CPU
		Release|x64 = Release|x64
		Release|x86 = Release|x86
	EndGlobalSection
	GlobalSection(SolutionProperties) = preSolution
		HideSolutionNode = FALSE
	EndGlobalSection
	GlobalSection(NestedProjects) = preSolution
		{DC7D3B9F-46AB-4AF1-8B00-DF99DC8913C2} = {A36DCECA-F67D-4813-AA54-620CF53AE82B}
		{F6CD6BBA-874B-458B-9925-36EF6673EB87} = {A36DCECA-F67D-4813-AA54-620CF53AE82B}
		{6028EB74-3516-4799-BC6C-8FF7B6529174} = {931FD038-4E82-4F42-A1A9-BDE747C99F78}
		{8108A551-B5D6-44A0-8D4E-F42502F0873E} = {931FD038-4E82-4F42-A1A9-BDE747C99F78}
	EndGlobalSection
	GlobalSection(ProjectConfigurationPlatforms) = postSolution
		{DC7D3B9F-46AB-4AF1-8B00-DF99DC8913C2}.Debug|Any CPU.ActiveCfg = Debug|Any CPU
		{DC7D3B9F-46AB-4AF1-8B00-DF99DC8913C2}.Debug|Any CPU.Build.0 = Debug|Any CPU
		{DC7D3B9F-46AB-4AF1-8B00-DF99DC8913C2}.Debug|x64.ActiveCfg = Debug|Any CPU
		{DC7D3B9F-46AB-4AF1-8B00-DF99DC8913C2}.Debug|x64.Build.0 = Debug|Any CPU
		{DC7D3B9F-46AB-4AF1-8B00-DF99DC8913C2}.Debug|x86.ActiveCfg = Debug|Any CPU
		{DC7D3B9F-46AB-4AF1-8B00-DF99DC8913C2}.Debug|x86.Build.0 = Debug|Any CPU
		{DC7D3B9F-46AB-4AF1-8B00-DF99DC8913C2}.Release|Any CPU.ActiveCfg = Release|Any CPU
		{DC7D3B9F-46AB-4AF1-8B00-DF99DC8913C2}.Release|Any CPU.Build.0 = Release|Any CPU
		{DC7D3B9F-46AB-4AF1-8B00-DF99DC8913C2}.Release|x64.ActiveCfg = Release|Any CPU
		{DC7D3B9F-46AB-4AF1-8B00-DF99DC8913C2}.Release|x64.Build.0 = Release|Any CPU
		{DC7D3B9F-46AB-4AF1-8B00-DF99DC8913C2}.Release|x86.ActiveCfg = Release|Any CPU
		{DC7D3B9F-46AB-4AF1-8B00-DF99DC8913C2}.Release|x86.Build.0 = Release|Any CPU
		{F6CD6BBA-874B-458B-9925-36EF6673EB87}.Debug|Any CPU.ActiveCfg = Debug|Any CPU
		{F6CD6BBA-874B-458B-9925-36EF6673EB87}.Debug|Any CPU.Build.0 = Debug|Any CPU
		{F6CD6BBA-874B-458B-9925-36EF6673EB87}.Debug|x64.ActiveCfg = Debug|Any CPU
		{F6CD6BBA-874B-458B-9925-36EF6673EB87}.Debug|x64.Build.0 = Debug|Any CPU
		{F6CD6BBA-874B-458B-9925-36EF6673EB87}.Debug|x86.ActiveCfg = Debug|Any CPU
		{F6CD6BBA-874B-458B-9925-36EF6673EB87}.Debug|x86.Build.0 = Debug|Any CPU
		{F6CD6BBA-874B-458B-9925-36EF6673EB87}.Release|Any CPU.ActiveCfg = Release|Any CPU
		{F6CD6BBA-874B-458B-9925-36EF6673EB87}.Release|Any CPU.Build.0 = Release|Any CPU
		{F6CD6BBA-874B-458B-9925-36EF6673EB87}.Release|x64.ActiveCfg = Release|Any CPU
		{F6CD6BBA-874B-458B-9925-36EF6673EB87}.Release|x64.Build.0 = Release|Any CPU
		{F6CD6BBA-874B-458B-9925-36EF6673EB87}.Release|x86.ActiveCfg = Release|Any CPU
		{F6CD6BBA-874B-458B-9925-36EF6673EB87}.Release|x86.Build.0 = Release|Any CPU
		{B984AA81-B47E-4799-979A-1188AEAD3EEE}.Debug|Any CPU.ActiveCfg = Debug|Any CPU
		{B984AA81-B47E-4799-979A-1188AEAD3EEE}.Debug|Any CPU.Build.0 = Debug|Any CPU
		{B984AA81-B47E-4799-979A-1188AEAD3EEE}.Debug|x64.ActiveCfg = Debug|Any CPU
		{B984AA81-B47E-4799-979A-1188AEAD3EEE}.Debug|x64.Build.0 = Debug|Any CPU
		{B984AA81-B47E-4799-979A-1188AEAD3EEE}.Debug|x86.ActiveCfg = Debug|Any CPU
		{B984AA81-B47E-4799-979A-1188AEAD3EEE}.Debug|x86.Build.0 = Debug|Any CPU
		{B984AA81-B47E-4799-979A-1188AEAD3EEE}.Release|Any CPU.ActiveCfg = Release|Any CPU
		{B984AA81-B47E-4799-979A-1188AEAD3EEE}.Release|Any CPU.Build.0 = Release|Any CPU
		{B984AA81-B47E-4799-979A-1188AEAD3EEE}.Release|x64.ActiveCfg = Release|Any CPU
		{B984AA81-B47E-4799-979A-1188AEAD3EEE}.Release|x64.Build.0 = Release|Any CPU
		{B984AA81-B47E-4799-979A-1188AEAD3EEE}.Release|x86.ActiveCfg = Release|Any CPU
		{B984AA81-B47E-4799-979A-1188AEAD3EEE}.Release|x86.Build.0 = Release|Any CPU
		{6028EB74-3516-4799-BC6C-8FF7B6529174}.Debug|Any CPU.ActiveCfg = Debug|Any CPU
		{6028EB74-3516-4799-BC6C-8FF7B6529174}.Debug|Any CPU.Build.0 = Debug|Any CPU
		{6028EB74-3516-4799-BC6C-8FF7B6529174}.Debug|x64.ActiveCfg = Debug|Any CPU
		{6028EB74-3516-4799-BC6C-8FF7B6529174}.Debug|x64.Build.0 = Debug|Any CPU
		{6028EB74-3516-4799-BC6C-8FF7B6529174}.Debug|x86.ActiveCfg = Debug|Any CPU
		{6028EB74-3516-4799-BC6C-8FF7B6529174}.Debug|x86.Build.0 = Debug|Any CPU
		{6028EB74-3516-4799-BC6C-8FF7B6529174}.Release|Any CPU.ActiveCfg = Release|Any CPU
		{6028EB74-3516-4799-BC6C-8FF7B6529174}.Release|Any CPU.Build.0 = Release|Any CPU
		{6028EB74-3516-4799-BC6C-8FF7B6529174}.Release|x64.ActiveCfg = Release|Any CPU
		{6028EB74-3516-4799-BC6C-8FF7B6529174}.Release|x64.Build.0 = Release|Any CPU
		{6028EB74-3516-4799-BC6C-8FF7B6529174}.Release|x86.ActiveCfg = Release|Any CPU
		{6028EB74-3516-4799-BC6C-8FF7B6529174}.Release|x86.Build.0 = Release|Any CPU
		{8108A551-B5D6-44A0-8D4E-F42502F0873E}.Debug|Any CPU.ActiveCfg = Debug|Any CPU
		{8108A551-B5D6-44A0-8D4E-F42502F0873E}.Debug|Any CPU.Build.0 = Debug|Any CPU
		{8108A551-B5D6-44A0-8D4E-F42502F0873E}.Debug|x64.ActiveCfg = Debug|Any CPU
		{8108A551-B5D6-44A0-8D4E-F42502F0873E}.Debug|x64.Build.0 = Debug|Any CPU
		{8108A551-B5D6-44A0-8D4E-F42502F0873E}.Debug|x86.ActiveCfg = Debug|Any CPU
		{8108A551-B5D6-44A0-8D4E-F42502F0873E}.Debug|x86.Build.0 = Debug|Any CPU
		{8108A551-B5D6-44A0-8D4E-F42502F0873E}.Release|Any CPU.ActiveCfg = Release|Any CPU
		{8108A551-B5D6-44A0-8D4E-F42502F0873E}.Release|Any CPU.Build.0 = Release|Any CPU
		{8108A551-B5D6-44A0-8D4E-F42502F0873E}.Release|x64.ActiveCfg = Release|Any CPU
		{8108A551-B5D6-44A0-8D4E-F42502F0873E}.Release|x64.Build.0 = Release|Any CPU
		{8108A551-B5D6-44A0-8D4E-F42502F0873E}.Release|x86.ActiveCfg = Release|Any CPU
		{8108A551-B5D6-44A0-8D4E-F42502F0873E}.Release|x86.Build.0 = Release|Any CPU
	EndGlobalSection
EndGlobal
