
Microsoft Visual Studio Solution File, Format Version 12.00
# Visual Studio 15
VisualStudioVersion = 15.0.26228.9
MinimumVisualStudioVersion = 10.0.40219.1
Project("{2150E333-8FDC-42A3-9474-1A3956D46DE8}") = "src", "src", "{932FA9D0-7FB4-4047-8FFD-B74907B5FA15}"
EndProject
Project("{9A19103F-16F7-4668-BE54-9A1E7A4F7556}") = "IdentityServer4.AspNetIdentity", "src\IdentityServer4.AspNetIdentity.csproj", "{A2CDBE15-5898-4A04-94DC-133EE03A78B3}"
EndProject
Project("{9A19103F-16F7-4668-BE54-9A1E7A4F7556}") = "Host", "host\Host.csproj", "{B7FBA07C-A462-4869-AF94-5E36DFC3742D}"
EndProject
Project("{2150E333-8FDC-42A3-9474-1A3956D46DE8}") = "migrations", "migrations", "{4BC142B6-4922-4203-82A2-F28CB6AC5004}"
EndProject
Project("{9A19103F-16F7-4668-BE54-9A1E7A4F7556}") = "SqlServer", "migrations\SqlServer\SqlServer.csproj", "{DD44B9E9-C32E-4F89-92C9-25444A709BBB}"
EndProject
Global
	GlobalSection(SolutionConfigurationPlatforms) = preSolution
		Debug|Any CPU = Debug|Any CPU
		Release|Any CPU = Release|Any CPU
	EndGlobalSection
	GlobalSection(ProjectConfigurationPlatforms) = postSolution
		{A2CDBE15-5898-4A04-94DC-133EE03A78B3}.Debug|Any CPU.ActiveCfg = Debug|Any CPU
		{A2CDBE15-5898-4A04-94DC-133EE03A78B3}.Debug|Any CPU.Build.0 = Debug|Any CPU
		{A2CDBE15-5898-4A04-94DC-133EE03A78B3}.Release|Any CPU.ActiveCfg = Release|Any CPU
		{A2CDBE15-5898-4A04-94DC-133EE03A78B3}.Release|Any CPU.Build.0 = Release|Any CPU
		{B7FBA07C-A462-4869-AF94-5E36DFC3742D}.Debug|Any CPU.ActiveCfg = Debug|Any CPU
		{B7FBA07C-A462-4869-AF94-5E36DFC3742D}.Debug|Any CPU.Build.0 = Debug|Any CPU
		{B7FBA07C-A462-4869-AF94-5E36DFC3742D}.Release|Any CPU.ActiveCfg = Release|Any CPU
		{B7FBA07C-A462-4869-AF94-5E36DFC3742D}.Release|Any CPU.Build.0 = Release|Any CPU
		{DD44B9E9-C32E-4F89-92C9-25444A709BBB}.Debug|Any CPU.ActiveCfg = Debug|Any CPU
		{DD44B9E9-C32E-4F89-92C9-25444A709BBB}.Debug|Any CPU.Build.0 = Debug|Any CPU
		{DD44B9E9-C32E-4F89-92C9-25444A709BBB}.Release|Any CPU.ActiveCfg = Release|Any CPU
		{DD44B9E9-C32E-4F89-92C9-25444A709BBB}.Release|Any CPU.Build.0 = Release|Any CPU
	EndGlobalSection
	GlobalSection(SolutionProperties) = preSolution
		HideSolutionNode = FALSE
	EndGlobalSection
	GlobalSection(NestedProjects) = preSolution
		{A2CDBE15-5898-4A04-94DC-133EE03A78B3} = {932FA9D0-7FB4-4047-8FFD-B74907B5FA15}
		{B7FBA07C-A462-4869-AF94-5E36DFC3742D} = {932FA9D0-7FB4-4047-8FFD-B74907B5FA15}
		{DD44B9E9-C32E-4F89-92C9-25444A709BBB} = {4BC142B6-4922-4203-82A2-F28CB6AC5004}
	EndGlobalSection
	GlobalSection(ExtensibilityGlobals) = postSolution
		SolutionGuid = {03AF716A-120B-409D-B384-B65E7FDEFEEF}
	EndGlobalSection
EndGlobal
