
Microsoft Visual Studio Solution File, Format Version 12.00
# Visual Studio Version 16
VisualStudioVersion = 16.0.29215.179
MinimumVisualStudioVersion = 10.0.40219.1
Project("{2150E333-8FDC-42A3-9474-1A3956D46DE8}") = "filesystem", "filesystem", "{66069BF5-F9C7-446A-8AD6-C4FA556F99CD}"
EndProject
Project("{2150E333-8FDC-42A3-9474-1A3956D46DE8}") = "database", "database", "{5460F146-2FAA-4D3B-B3FF-6E0222824293}"
EndProject
Project("{9A19103F-16F7-4668-BE54-9A1E7A4F7556}") = "FileSystemSample", "FileSystem\FileSystemSample.csproj", "{59A7BDFE-02E5-4FA5-9B7F-A5888C8CACCB}"
EndProject
Project("{9A19103F-16F7-4668-BE54-9A1E7A4F7556}") = "EfSample", "database\EF\EfSample.csproj", "{7B9531E7-47A4-4C36-95B9-ADAA4FADF732}"
EndProject
Project("{FAE04EC0-301F-11D3-BF4B-00C04F79EFBC}") = "migrations", "database\migrations\migrations.csproj", "{1979B108-6006-4CFC-81F1-6397659580AB}"
EndProject
Global
	GlobalSection(SolutionConfigurationPlatforms) = preSolution
		Debug|Any CPU = Debug|Any CPU
		Release|Any CPU = Release|Any CPU
	EndGlobalSection
	GlobalSection(ProjectConfigurationPlatforms) = postSolution
		{59A7BDFE-02E5-4FA5-9B7F-A5888C8CACCB}.Debug|Any CPU.ActiveCfg = Debug|Any CPU
		{59A7BDFE-02E5-4FA5-9B7F-A5888C8CACCB}.Debug|Any CPU.Build.0 = Debug|Any CPU
		{59A7BDFE-02E5-4FA5-9B7F-A5888C8CACCB}.Release|Any CPU.ActiveCfg = Release|Any CPU
		{59A7BDFE-02E5-4FA5-9B7F-A5888C8CACCB}.Release|Any CPU.Build.0 = Release|Any CPU
		{7B9531E7-47A4-4C36-95B9-ADAA4FADF732}.Debug|Any CPU.ActiveCfg = Debug|Any CPU
		{7B9531E7-47A4-4C36-95B9-ADAA4FADF732}.Debug|Any CPU.Build.0 = Debug|Any CPU
		{7B9531E7-47A4-4C36-95B9-ADAA4FADF732}.Release|Any CPU.ActiveCfg = Release|Any CPU
		{7B9531E7-47A4-4C36-95B9-ADAA4FADF732}.Release|Any CPU.Build.0 = Release|Any CPU
		{1979B108-6006-4CFC-81F1-6397659580AB}.Debug|Any CPU.ActiveCfg = Debug|Any CPU
		{1979B108-6006-4CFC-81F1-6397659580AB}.Debug|Any CPU.Build.0 = Debug|Any CPU
		{1979B108-6006-4CFC-81F1-6397659580AB}.Release|Any CPU.ActiveCfg = Release|Any CPU
		{1979B108-6006-4CFC-81F1-6397659580AB}.Release|Any CPU.Build.0 = Release|Any CPU
	EndGlobalSection
	GlobalSection(SolutionProperties) = preSolution
		HideSolutionNode = FALSE
	EndGlobalSection
	GlobalSection(NestedProjects) = preSolution
		{59A7BDFE-02E5-4FA5-9B7F-A5888C8CACCB} = {66069BF5-F9C7-446A-8AD6-C4FA556F99CD}
		{7B9531E7-47A4-4C36-95B9-ADAA4FADF732} = {5460F146-2FAA-4D3B-B3FF-6E0222824293}
		{1979B108-6006-4CFC-81F1-6397659580AB} = {5460F146-2FAA-4D3B-B3FF-6E0222824293}
	EndGlobalSection
	GlobalSection(ExtensibilityGlobals) = postSolution
		SolutionGuid = {34FB2185-9C34-4130-ADA6-2AF52DFBF5DA}
	EndGlobalSection
EndGlobal
