
Microsoft Visual Studio Solution File, Format Version 12.00
# Visual Studio 15
VisualStudioVersion = 15.0.26124.0
MinimumVisualStudioVersion = 15.0.26124.0
Project("{2150E333-8FDC-42A3-9474-1A3956D46DE8}") = "src", "src", "{BD8BA25C-A91D-419D-99B6-B575ADD6D061}"
EndProject
Project("{9A19103F-16F7-4668-BE54-9A1E7A4F7556}") = "Api", "src\Api\Api.csproj", "{08C496D7-9A83-4B2B-A7E4-74A283034313}"
EndProject
Project("{9A19103F-16F7-4668-BE54-9A1E7A4F7556}") = "Client", "src\Client\Client.csproj", "{75DFCDE7-D439-45D1-A1ED-2FB6C535F2DF}"
EndProject
Project("{9A19103F-16F7-4668-BE54-9A1E7A4F7556}") = "ResourceOwnerClient", "src\ResourceOwnerClient\ResourceOwnerClient.csproj", "{D72F01C7-9F5E-4492-864F-1E7667439B83}"
EndProject
Project("{9A19103F-16F7-4668-BE54-9A1E7A4F7556}") = "MvcClient", "src\MvcClient\MvcClient.csproj", "{103A1CFB-453A-4461-8757-959236C7FE28}"
EndProject
Project("{9A19103F-16F7-4668-BE54-9A1E7A4F7556}") = "JavaScriptClient", "src\JavaScriptClient\JavaScriptClient.csproj", "{023C35A3-5736-41D7-AD28-08C2636257AC}"
EndProject
Project("{9A19103F-16F7-4668-BE54-9A1E7A4F7556}") = "IdentityServerAspNetIdentity", "src\IdentityServerAspNetIdentity\IdentityServerAspNetIdentity.csproj", "{144DB71D-E364-4A77-A50E-D4DDC2934C41}"
EndProject
Global
	GlobalSection(SolutionConfigurationPlatforms) = preSolution
		Debug|Any CPU = Debug|Any CPU
		Debug|x64 = Debug|x64
		Debug|x86 = Debug|x86
		Release|Any CPU = Release|Any CPU
		Release|x64 = Release|x64
		Release|x86 = Release|x86
	EndGlobalSection
	GlobalSection(ProjectConfigurationPlatforms) = postSolution
		{08C496D7-9A83-4B2B-A7E4-74A283034313}.Debug|Any CPU.ActiveCfg = Debug|Any CPU
		{08C496D7-9A83-4B2B-A7E4-74A283034313}.Debug|Any CPU.Build.0 = Debug|Any CPU
		{08C496D7-9A83-4B2B-A7E4-74A283034313}.Debug|x64.ActiveCfg = Debug|Any CPU
		{08C496D7-9A83-4B2B-A7E4-74A283034313}.Debug|x64.Build.0 = Debug|Any CPU
		{08C496D7-9A83-4B2B-A7E4-74A283034313}.Debug|x86.ActiveCfg = Debug|Any CPU
		{08C496D7-9A83-4B2B-A7E4-74A283034313}.Debug|x86.Build.0 = Debug|Any CPU
		{08C496D7-9A83-4B2B-A7E4-74A283034313}.Release|Any CPU.ActiveCfg = Release|Any CPU
		{08C496D7-9A83-4B2B-A7E4-74A283034313}.Release|Any CPU.Build.0 = Release|Any CPU
		{08C496D7-9A83-4B2B-A7E4-74A283034313}.Release|x64.ActiveCfg = Release|Any CPU
		{08C496D7-9A83-4B2B-A7E4-74A283034313}.Release|x64.Build.0 = Release|Any CPU
		{08C496D7-9A83-4B2B-A7E4-74A283034313}.Release|x86.ActiveCfg = Release|Any CPU
		{08C496D7-9A83-4B2B-A7E4-74A283034313}.Release|x86.Build.0 = Release|Any CPU
		{75DFCDE7-D439-45D1-A1ED-2FB6C535F2DF}.Debug|Any CPU.ActiveCfg = Debug|Any CPU
		{75DFCDE7-D439-45D1-A1ED-2FB6C535F2DF}.Debug|Any CPU.Build.0 = Debug|Any CPU
		{75DFCDE7-D439-45D1-A1ED-2FB6C535F2DF}.Debug|x64.ActiveCfg = Debug|Any CPU
		{75DFCDE7-D439-45D1-A1ED-2FB6C535F2DF}.Debug|x64.Build.0 = Debug|Any CPU
		{75DFCDE7-D439-45D1-A1ED-2FB6C535F2DF}.Debug|x86.ActiveCfg = Debug|Any CPU
		{75DFCDE7-D439-45D1-A1ED-2FB6C535F2DF}.Debug|x86.Build.0 = Debug|Any CPU
		{75DFCDE7-D439-45D1-A1ED-2FB6C535F2DF}.Release|Any CPU.ActiveCfg = Release|Any CPU
		{75DFCDE7-D439-45D1-A1ED-2FB6C535F2DF}.Release|Any CPU.Build.0 = Release|Any CPU
		{75DFCDE7-D439-45D1-A1ED-2FB6C535F2DF}.Release|x64.ActiveCfg = Release|Any CPU
		{75DFCDE7-D439-45D1-A1ED-2FB6C535F2DF}.Release|x64.Build.0 = Release|Any CPU
		{75DFCDE7-D439-45D1-A1ED-2FB6C535F2DF}.Release|x86.ActiveCfg = Release|Any CPU
		{75DFCDE7-D439-45D1-A1ED-2FB6C535F2DF}.Release|x86.Build.0 = Release|Any CPU
		{D72F01C7-9F5E-4492-864F-1E7667439B83}.Debug|Any CPU.ActiveCfg = Debug|Any CPU
		{D72F01C7-9F5E-4492-864F-1E7667439B83}.Debug|Any CPU.Build.0 = Debug|Any CPU
		{D72F01C7-9F5E-4492-864F-1E7667439B83}.Debug|x64.ActiveCfg = Debug|Any CPU
		{D72F01C7-9F5E-4492-864F-1E7667439B83}.Debug|x64.Build.0 = Debug|Any CPU
		{D72F01C7-9F5E-4492-864F-1E7667439B83}.Debug|x86.ActiveCfg = Debug|Any CPU
		{D72F01C7-9F5E-4492-864F-1E7667439B83}.Debug|x86.Build.0 = Debug|Any CPU
		{D72F01C7-9F5E-4492-864F-1E7667439B83}.Release|Any CPU.ActiveCfg = Release|Any CPU
		{D72F01C7-9F5E-4492-864F-1E7667439B83}.Release|Any CPU.Build.0 = Release|Any CPU
		{D72F01C7-9F5E-4492-864F-1E7667439B83}.Release|x64.ActiveCfg = Release|Any CPU
		{D72F01C7-9F5E-4492-864F-1E7667439B83}.Release|x64.Build.0 = Release|Any CPU
		{D72F01C7-9F5E-4492-864F-1E7667439B83}.Release|x86.ActiveCfg = Release|Any CPU
		{D72F01C7-9F5E-4492-864F-1E7667439B83}.Release|x86.Build.0 = Release|Any CPU
		{103A1CFB-453A-4461-8757-959236C7FE28}.Debug|Any CPU.ActiveCfg = Debug|Any CPU
		{103A1CFB-453A-4461-8757-959236C7FE28}.Debug|Any CPU.Build.0 = Debug|Any CPU
		{103A1CFB-453A-4461-8757-959236C7FE28}.Debug|x64.ActiveCfg = Debug|Any CPU
		{103A1CFB-453A-4461-8757-959236C7FE28}.Debug|x64.Build.0 = Debug|Any CPU
		{103A1CFB-453A-4461-8757-959236C7FE28}.Debug|x86.ActiveCfg = Debug|Any CPU
		{103A1CFB-453A-4461-8757-959236C7FE28}.Debug|x86.Build.0 = Debug|Any CPU
		{103A1CFB-453A-4461-8757-959236C7FE28}.Release|Any CPU.ActiveCfg = Release|Any CPU
		{103A1CFB-453A-4461-8757-959236C7FE28}.Release|Any CPU.Build.0 = Release|Any CPU
		{103A1CFB-453A-4461-8757-959236C7FE28}.Release|x64.ActiveCfg = Release|Any CPU
		{103A1CFB-453A-4461-8757-959236C7FE28}.Release|x64.Build.0 = Release|Any CPU
		{103A1CFB-453A-4461-8757-959236C7FE28}.Release|x86.ActiveCfg = Release|Any CPU
		{103A1CFB-453A-4461-8757-959236C7FE28}.Release|x86.Build.0 = Release|Any CPU
		{023C35A3-5736-41D7-AD28-08C2636257AC}.Debug|Any CPU.ActiveCfg = Debug|Any CPU
		{023C35A3-5736-41D7-AD28-08C2636257AC}.Debug|Any CPU.Build.0 = Debug|Any CPU
		{023C35A3-5736-41D7-AD28-08C2636257AC}.Debug|x64.ActiveCfg = Debug|Any CPU
		{023C35A3-5736-41D7-AD28-08C2636257AC}.Debug|x64.Build.0 = Debug|Any CPU
		{023C35A3-5736-41D7-AD28-08C2636257AC}.Debug|x86.ActiveCfg = Debug|Any CPU
		{023C35A3-5736-41D7-AD28-08C2636257AC}.Debug|x86.Build.0 = Debug|Any CPU
		{023C35A3-5736-41D7-AD28-08C2636257AC}.Release|Any CPU.ActiveCfg = Release|Any CPU
		{023C35A3-5736-41D7-AD28-08C2636257AC}.Release|Any CPU.Build.0 = Release|Any CPU
		{023C35A3-5736-41D7-AD28-08C2636257AC}.Release|x64.ActiveCfg = Release|Any CPU
		{023C35A3-5736-41D7-AD28-08C2636257AC}.Release|x64.Build.0 = Release|Any CPU
		{023C35A3-5736-41D7-AD28-08C2636257AC}.Release|x86.ActiveCfg = Release|Any CPU
		{023C35A3-5736-41D7-AD28-08C2636257AC}.Release|x86.Build.0 = Release|Any CPU
		{144DB71D-E364-4A77-A50E-D4DDC2934C41}.Debug|Any CPU.ActiveCfg = Debug|Any CPU
		{144DB71D-E364-4A77-A50E-D4DDC2934C41}.Debug|Any CPU.Build.0 = Debug|Any CPU
		{144DB71D-E364-4A77-A50E-D4DDC2934C41}.Debug|x64.ActiveCfg = Debug|Any CPU
		{144DB71D-E364-4A77-A50E-D4DDC2934C41}.Debug|x64.Build.0 = Debug|Any CPU
		{144DB71D-E364-4A77-A50E-D4DDC2934C41}.Debug|x86.ActiveCfg = Debug|Any CPU
		{144DB71D-E364-4A77-A50E-D4DDC2934C41}.Debug|x86.Build.0 = Debug|Any CPU
		{144DB71D-E364-4A77-A50E-D4DDC2934C41}.Release|Any CPU.ActiveCfg = Release|Any CPU
		{144DB71D-E364-4A77-A50E-D4DDC2934C41}.Release|Any CPU.Build.0 = Release|Any CPU
		{144DB71D-E364-4A77-A50E-D4DDC2934C41}.Release|x64.ActiveCfg = Release|Any CPU
		{144DB71D-E364-4A77-A50E-D4DDC2934C41}.Release|x64.Build.0 = Release|Any CPU
		{144DB71D-E364-4A77-A50E-D4DDC2934C41}.Release|x86.ActiveCfg = Release|Any CPU
		{144DB71D-E364-4A77-A50E-D4DDC2934C41}.Release|x86.Build.0 = Release|Any CPU
	EndGlobalSection
	GlobalSection(SolutionProperties) = preSolution
		HideSolutionNode = FALSE
	EndGlobalSection
	GlobalSection(NestedProjects) = preSolution
		{08C496D7-9A83-4B2B-A7E4-74A283034313} = {BD8BA25C-A91D-419D-99B6-B575ADD6D061}
		{75DFCDE7-D439-45D1-A1ED-2FB6C535F2DF} = {BD8BA25C-A91D-419D-99B6-B575ADD6D061}
		{D72F01C7-9F5E-4492-864F-1E7667439B83} = {BD8BA25C-A91D-419D-99B6-B575ADD6D061}
		{103A1CFB-453A-4461-8757-959236C7FE28} = {BD8BA25C-A91D-419D-99B6-B575ADD6D061}
		{023C35A3-5736-41D7-AD28-08C2636257AC} = {BD8BA25C-A91D-419D-99B6-B575ADD6D061}
		{144DB71D-E364-4A77-A50E-D4DDC2934C41} = {BD8BA25C-A91D-419D-99B6-B575ADD6D061}
	EndGlobalSection
	GlobalSection(ExtensibilityGlobals) = postSolution
		SolutionGuid = {84D5AF06-1243-46F1-9D58-70ED572832C3}
	EndGlobalSection
EndGlobal
