
Microsoft Visual Studio Solution File, Format Version 12.00
# Visual Studio 15
VisualStudioVersion = 15.0.28307.572
MinimumVisualStudioVersion = 10.0.40219.1
Project("{9A19103F-16F7-4668-BE54-9A1E7A4F7556}") = "IdentityServer4", "IdentityServer4\src\IdentityServer4.csproj", "{E786CA5A-28BF-4A36-AD87-C00BDF27516A}"
EndProject
Project("{9A19103F-16F7-4668-BE54-9A1E7A4F7556}") = "Host", "IdentityServer4\host\Host.csproj", "{A4236AD3-4923-49EE-BC1E-28D6449FC793}"
EndProject
Project("{9A19103F-16F7-4668-BE54-9A1E7A4F7556}") = "IdentityServer4.Storage", "Storage\src\IdentityServer4.Storage.csproj", "{88E70F4C-C643-40C8-9192-4794D5FFD9D5}"
EndProject
Global
	GlobalSection(SolutionConfigurationPlatforms) = preSolution
		Debug|Any CPU = Debug|Any CPU
		Release|Any CPU = Release|Any CPU
	EndGlobalSection
	GlobalSection(ProjectConfigurationPlatforms) = postSolution
		{E786CA5A-28BF-4A36-AD87-C00BDF27516A}.Debug|Any CPU.ActiveCfg = Debug|Any CPU
		{E786CA5A-28BF-4A36-AD87-C00BDF27516A}.Debug|Any CPU.Build.0 = Debug|Any CPU
		{E786CA5A-28BF-4A36-AD87-C00BDF27516A}.Release|Any CPU.ActiveCfg = Release|Any CPU
		{E786CA5A-28BF-4A36-AD87-C00BDF27516A}.Release|Any CPU.Build.0 = Release|Any CPU
		{A4236AD3-4923-49EE-BC1E-28D6449FC793}.Debug|Any CPU.ActiveCfg = Debug|Any CPU
		{A4236AD3-4923-49EE-BC1E-28D6449FC793}.Debug|Any CPU.Build.0 = Debug|Any CPU
		{A4236AD3-4923-49EE-BC1E-28D6449FC793}.Release|Any CPU.ActiveCfg = Release|Any CPU
		{A4236AD3-4923-49EE-BC1E-28D6449FC793}.Release|Any CPU.Build.0 = Release|Any CPU
		{88E70F4C-C643-40C8-9192-4794D5FFD9D5}.Debug|Any CPU.ActiveCfg = Debug|Any CPU
		{88E70F4C-C643-40C8-9192-4794D5FFD9D5}.Debug|Any CPU.Build.0 = Debug|Any CPU
		{88E70F4C-C643-40C8-9192-4794D5FFD9D5}.Release|Any CPU.ActiveCfg = Release|Any CPU
		{88E70F4C-C643-40C8-9192-4794D5FFD9D5}.Release|Any CPU.Build.0 = Release|Any CPU
	EndGlobalSection
	GlobalSection(SolutionProperties) = preSolution
		HideSolutionNode = FALSE
	EndGlobalSection
	GlobalSection(ExtensibilityGlobals) = postSolution
		SolutionGuid = {B0663EDC-F3E2-41BF-A7EE-E928C2374CF5}
	EndGlobalSection
EndGlobal
