
Microsoft Visual Studio Solution File, Format Version 12.00
# Visual Studio Version 16
VisualStudioVersion = 16.0.30204.135
MinimumVisualStudioVersion = 15.0.26124.0
Project("{2150E333-8FDC-42A3-9474-1A3956D46DE8}") = "src", "src", "{AF5DAC33-08AC-45EE-9772-4FF39FB09E57}"
EndProject
Project("{9A19103F-16F7-4668-BE54-9A1E7A4F7556}") = "IdentityServer4.EntityFramework.Storage", "src\IdentityServer4.EntityFramework.Storage.csproj", "{5302DAB3-1662-4956-97AA-5EA5E85B10F6}"
EndProject
Project("{2150E333-8FDC-42A3-9474-1A3956D46DE8}") = "test", "test", "{712ED94A-F982-4667-A9CE-E8F21900BBED}"
EndProject
Project("{9A19103F-16F7-4668-BE54-9A1E7A4F7556}") = "IdentityServer4.EntityFramework.UnitTests", "test\UnitTests\IdentityServer4.EntityFramework.UnitTests.csproj", "{8239FC82-46A3-4F21-8D05-1F0BE0B1B1FC}"
EndProject
Project("{9A19103F-16F7-4668-BE54-9A1E7A4F7556}") = "IdentityServer4.EntityFramework.IntegrationTests", "test\IntegrationTests\IdentityServer4.EntityFramework.IntegrationTests.csproj", "{E90F7470-C7F8-464B-9C28-87C474085812}"
EndProject
Project("{2150E333-8FDC-42A3-9474-1A3956D46DE8}") = "migrations", "migrations", "{E3EF31E0-6658-4899-8BDA-FF84355E2FDD}"
EndProject
Project("{9A19103F-16F7-4668-BE54-9A1E7A4F7556}") = "SqlServer", "migrations\SqlServer\SqlServer.csproj", "{A93A59EC-D75D-44E1-9720-F75D9EF95BC3}"
EndProject
Project("{2150E333-8FDC-42A3-9474-1A3956D46DE8}") = "host", "host", "{07C56E10-A807-4372-ACD9-ADED2D099BC8}"
EndProject
Project("{FAE04EC0-301F-11D3-BF4B-00C04F79EFBC}") = "ConsoleHost", "host\ConsoleHost\ConsoleHost.csproj", "{2AA5AC6B-531B-426E-AD38-5B03F1949CF5}"
EndProject
Global
	GlobalSection(SolutionConfigurationPlatforms) = preSolution
		Debug|Any CPU = Debug|Any CPU
		Debug|x64 = Debug|x64
		Debug|x86 = Debug|x86
		Release|Any CPU = Release|Any CPU
		Release|x64 = Release|x64
		Release|x86 = Release|x86
	EndGlobalSection
	GlobalSection(ProjectConfigurationPlatforms) = postSolution
		{5302DAB3-1662-4956-97AA-5EA5E85B10F6}.Debug|Any CPU.ActiveCfg = Debug|Any CPU
		{5302DAB3-1662-4956-97AA-5EA5E85B10F6}.Debug|Any CPU.Build.0 = Debug|Any CPU
		{5302DAB3-1662-4956-97AA-5EA5E85B10F6}.Debug|x64.ActiveCfg = Debug|Any CPU
		{5302DAB3-1662-4956-97AA-5EA5E85B10F6}.Debug|x64.Build.0 = Debug|Any CPU
		{5302DAB3-1662-4956-97AA-5EA5E85B10F6}.Debug|x86.ActiveCfg = Debug|Any CPU
		{5302DAB3-1662-4956-97AA-5EA5E85B10F6}.Debug|x86.Build.0 = Debug|Any CPU
		{5302DAB3-1662-4956-97AA-5EA5E85B10F6}.Release|Any CPU.ActiveCfg = Release|Any CPU
		{5302DAB3-1662-4956-97AA-5EA5E85B10F6}.Release|Any CPU.Build.0 = Release|Any CPU
		{5302DAB3-1662-4956-97AA-5EA5E85B10F6}.Release|x64.ActiveCfg = Release|Any CPU
		{5302DAB3-1662-4956-97AA-5EA5E85B10F6}.Release|x64.Build.0 = Release|Any CPU
		{5302DAB3-1662-4956-97AA-5EA5E85B10F6}.Release|x86.ActiveCfg = Release|Any CPU
		{5302DAB3-1662-4956-97AA-5EA5E85B10F6}.Release|x86.Build.0 = Release|Any CPU
		{8239FC82-46A3-4F21-8D05-1F0BE0B1B1FC}.Debug|Any CPU.ActiveCfg = Debug|Any CPU
		{8239FC82-46A3-4F21-8D05-1F0BE0B1B1FC}.Debug|Any CPU.Build.0 = Debug|Any CPU
		{8239FC82-46A3-4F21-8D05-1F0BE0B1B1FC}.Debug|x64.ActiveCfg = Debug|Any CPU
		{8239FC82-46A3-4F21-8D05-1F0BE0B1B1FC}.Debug|x64.Build.0 = Debug|Any CPU
		{8239FC82-46A3-4F21-8D05-1F0BE0B1B1FC}.Debug|x86.ActiveCfg = Debug|Any CPU
		{8239FC82-46A3-4F21-8D05-1F0BE0B1B1FC}.Debug|x86.Build.0 = Debug|Any CPU
		{8239FC82-46A3-4F21-8D05-1F0BE0B1B1FC}.Release|Any CPU.ActiveCfg = Release|Any CPU
		{8239FC82-46A3-4F21-8D05-1F0BE0B1B1FC}.Release|Any CPU.Build.0 = Release|Any CPU
		{8239FC82-46A3-4F21-8D05-1F0BE0B1B1FC}.Release|x64.ActiveCfg = Release|Any CPU
		{8239FC82-46A3-4F21-8D05-1F0BE0B1B1FC}.Release|x64.Build.0 = Release|Any CPU
		{8239FC82-46A3-4F21-8D05-1F0BE0B1B1FC}.Release|x86.ActiveCfg = Release|Any CPU
		{8239FC82-46A3-4F21-8D05-1F0BE0B1B1FC}.Release|x86.Build.0 = Release|Any CPU
		{E90F7470-C7F8-464B-9C28-87C474085812}.Debug|Any CPU.ActiveCfg = Debug|Any CPU
		{E90F7470-C7F8-464B-9C28-87C474085812}.Debug|Any CPU.Build.0 = Debug|Any CPU
		{E90F7470-C7F8-464B-9C28-87C474085812}.Debug|x64.ActiveCfg = Debug|Any CPU
		{E90F7470-C7F8-464B-9C28-87C474085812}.Debug|x64.Build.0 = Debug|Any CPU
		{E90F7470-C7F8-464B-9C28-87C474085812}.Debug|x86.ActiveCfg = Debug|Any CPU
		{E90F7470-C7F8-464B-9C28-87C474085812}.Debug|x86.Build.0 = Debug|Any CPU
		{E90F7470-C7F8-464B-9C28-87C474085812}.Release|Any CPU.ActiveCfg = Release|Any CPU
		{E90F7470-C7F8-464B-9C28-87C474085812}.Release|Any CPU.Build.0 = Release|Any CPU
		{E90F7470-C7F8-464B-9C28-87C474085812}.Release|x64.ActiveCfg = Release|Any CPU
		{E90F7470-C7F8-464B-9C28-87C474085812}.Release|x64.Build.0 = Release|Any CPU
		{E90F7470-C7F8-464B-9C28-87C474085812}.Release|x86.ActiveCfg = Release|Any CPU
		{E90F7470-C7F8-464B-9C28-87C474085812}.Release|x86.Build.0 = Release|Any CPU
		{A93A59EC-D75D-44E1-9720-F75D9EF95BC3}.Debug|Any CPU.ActiveCfg = Debug|Any CPU
		{A93A59EC-D75D-44E1-9720-F75D9EF95BC3}.Debug|Any CPU.Build.0 = Debug|Any CPU
		{A93A59EC-D75D-44E1-9720-F75D9EF95BC3}.Debug|x64.ActiveCfg = Debug|Any CPU
		{A93A59EC-D75D-44E1-9720-F75D9EF95BC3}.Debug|x64.Build.0 = Debug|Any CPU
		{A93A59EC-D75D-44E1-9720-F75D9EF95BC3}.Debug|x86.ActiveCfg = Debug|Any CPU
		{A93A59EC-D75D-44E1-9720-F75D9EF95BC3}.Debug|x86.Build.0 = Debug|Any CPU
		{A93A59EC-D75D-44E1-9720-F75D9EF95BC3}.Release|Any CPU.ActiveCfg = Release|Any CPU
		{A93A59EC-D75D-44E1-9720-F75D9EF95BC3}.Release|Any CPU.Build.0 = Release|Any CPU
		{A93A59EC-D75D-44E1-9720-F75D9EF95BC3}.Release|x64.ActiveCfg = Release|Any CPU
		{A93A59EC-D75D-44E1-9720-F75D9EF95BC3}.Release|x64.Build.0 = Release|Any CPU
		{A93A59EC-D75D-44E1-9720-F75D9EF95BC3}.Release|x86.ActiveCfg = Release|Any CPU
		{A93A59EC-D75D-44E1-9720-F75D9EF95BC3}.Release|x86.Build.0 = Release|Any CPU
		{2AA5AC6B-531B-426E-AD38-5B03F1949CF5}.Debug|Any CPU.ActiveCfg = Debug|Any CPU
		{2AA5AC6B-531B-426E-AD38-5B03F1949CF5}.Debug|Any CPU.Build.0 = Debug|Any CPU
		{2AA5AC6B-531B-426E-AD38-5B03F1949CF5}.Debug|x64.ActiveCfg = Debug|Any CPU
		{2AA5AC6B-531B-426E-AD38-5B03F1949CF5}.Debug|x64.Build.0 = Debug|Any CPU
		{2AA5AC6B-531B-426E-AD38-5B03F1949CF5}.Debug|x86.ActiveCfg = Debug|Any CPU
		{2AA5AC6B-531B-426E-AD38-5B03F1949CF5}.Debug|x86.Build.0 = Debug|Any CPU
		{2AA5AC6B-531B-426E-AD38-5B03F1949CF5}.Release|Any CPU.ActiveCfg = Release|Any CPU
		{2AA5AC6B-531B-426E-AD38-5B03F1949CF5}.Release|Any CPU.Build.0 = Release|Any CPU
		{2AA5AC6B-531B-426E-AD38-5B03F1949CF5}.Release|x64.ActiveCfg = Release|Any CPU
		{2AA5AC6B-531B-426E-AD38-5B03F1949CF5}.Release|x64.Build.0 = Release|Any CPU
		{2AA5AC6B-531B-426E-AD38-5B03F1949CF5}.Release|x86.ActiveCfg = Release|Any CPU
		{2AA5AC6B-531B-426E-AD38-5B03F1949CF5}.Release|x86.Build.0 = Release|Any CPU
	EndGlobalSection
	GlobalSection(SolutionProperties) = preSolution
		HideSolutionNode = FALSE
	EndGlobalSection
	GlobalSection(NestedProjects) = preSolution
		{5302DAB3-1662-4956-97AA-5EA5E85B10F6} = {AF5DAC33-08AC-45EE-9772-4FF39FB09E57}
		{8239FC82-46A3-4F21-8D05-1F0BE0B1B1FC} = {712ED94A-F982-4667-A9CE-E8F21900BBED}
		{E90F7470-C7F8-464B-9C28-87C474085812} = {712ED94A-F982-4667-A9CE-E8F21900BBED}
		{A93A59EC-D75D-44E1-9720-F75D9EF95BC3} = {E3EF31E0-6658-4899-8BDA-FF84355E2FDD}
		{2AA5AC6B-531B-426E-AD38-5B03F1949CF5} = {07C56E10-A807-4372-ACD9-ADED2D099BC8}
	EndGlobalSection
	GlobalSection(ExtensibilityGlobals) = postSolution
		SolutionGuid = {4DB894E3-1BF2-4410-911A-14D32FD79A96}
	EndGlobalSection
EndGlobal
