
Microsoft Visual Studio Solution File, Format Version 12.00
# Visual Studio Version 16
VisualStudioVersion = 16.0.29324.140
MinimumVisualStudioVersion = 10.0.40219.1
Project("{FAE04EC0-301F-11D3-BF4B-00C04F79EFBC}") = "BlazorAuth", "BlazorAuth\BlazorAuth.csproj", "{744BA7FD-55EB-4127-8892-8AC33B659965}"
EndProject
Global
	GlobalSection(SolutionConfigurationPlatforms) = preSolution
		Debug|Any CPU = Debug|Any CPU
		Release|Any CPU = Release|Any CPU
	EndGlobalSection
	GlobalSection(ProjectConfigurationPlatforms) = postSolution
		{744BA7FD-55EB-4127-8892-8AC33B659965}.Debug|Any CPU.ActiveCfg = Debug|Any CPU
		{744BA7FD-55EB-4127-8892-8AC33B659965}.Debug|Any CPU.Build.0 = Debug|Any CPU
		{744BA7FD-55EB-4127-8892-8AC33B659965}.Release|Any CPU.ActiveCfg = Release|Any CPU
		{744BA7FD-55EB-4127-8892-8AC33B659965}.Release|Any CPU.Build.0 = Release|Any CPU
	EndGlobalSection
	GlobalSection(SolutionProperties) = preSolution
		HideSolutionNode = FALSE
	EndGlobalSection
	GlobalSection(ExtensibilityGlobals) = postSolution
		SolutionGuid = {7AA2913A-D923-489A-A38D-B631C06D4A73}
	EndGlobalSection
EndGlobal
